
Microsoft Visual Studio Solution File, Format Version 12.00
# Visual Studio Version 17
VisualStudioVersion = 17.13.35931.197 d17.13
MinimumVisualStudioVersion = 10.0.40219.1
Project("{FAE04EC0-301F-11D3-BF4B-00C04F79EFBC}") = "clase de producto", "clase de producto\clase de producto.csproj", "{42A11F31-6B41-4A3C-A20A-43E4AC8AE13F}"
EndProject
Global
	GlobalSection(SolutionConfigurationPlatforms) = preSolution
		Debug|Any CPU = Debug|Any CPU
		Release|Any CPU = Release|Any CPU
	EndGlobalSection
	GlobalSection(ProjectConfigurationPlatforms) = postSolution
		{42A11F31-6B41-4A3C-A20A-43E4AC8AE13F}.Debug|Any CPU.ActiveCfg = Debug|Any CPU
		{42A11F31-6B41-4A3C-A20A-43E4AC8AE13F}.Debug|Any CPU.Build.0 = Debug|Any CPU
		{42A11F31-6B41-4A3C-A20A-43E4AC8AE13F}.Release|Any CPU.ActiveCfg = Release|Any CPU
		{42A11F31-6B41-4A3C-A20A-43E4AC8AE13F}.Release|Any CPU.Build.0 = Release|Any CPU
	EndGlobalSection
	GlobalSection(SolutionProperties) = preSolution
		HideSolutionNode = FALSE
	EndGlobalSection
	GlobalSection(ExtensibilityGlobals) = postSolution
		SolutionGuid = {B67CD421-1FFE-43DD-AAA4-8D84BE2A1F4E}
	EndGlobalSection
EndGlobal
